// !$*UTF8*$!
{
	archiveVersion = 1;
	classes = {
	};
	objectVersion = 77;
	objects = {

/* Begin PBXBuildFile section */
		2727B5563034A5DC00EDD2C2 /* WhisperKit in Frameworks */ = {isa = PBXBuildFile; productRef = 2727B5553034A5DC00EDD2C1 /* WhisperKit */; };
		27AA00012F00000000000002 /* NotifyAIWidgets.appex in Embed Foundation Extensions */ = {isa = PBXBuildFile; fileRef = 27AA00012F00000000000001 /* NotifyAIWidgets.appex */; platformFilter = ios; settings = {ATTRIBUTES = (RemoveHeadersOnCopy, ); }; };
		27BB00012F00000000000011 /* NotifyAICore in Frameworks */ = {isa = PBXBuildFile; productRef = 27BB00012F00000000000021 /* NotifyAICore */; };
		27BB00012F00000000000012 /* AudioCapture in Frameworks */ = {isa = PBXBuildFile; productRef = 27BB00012F00000000000022 /* AudioCapture */; };
		27BB00012F00000000000013 /* DesignSystem in Frameworks */ = {isa = PBXBuildFile; productRef = 27BB00012F00000000000023 /* DesignSystem */; };
/* End PBXBuildFile section */

/* Begin PBXContainerItemProxy section */
		275D606C2E6F188300EB7BA5 /* PBXContainerItemProxy */ = {
			isa = PBXContainerItemProxy;
			containerPortal = 275D60512E6F188200EB7BA5 /* Project object */;
			proxyType = 1;
			remoteGlobalIDString = 275D60582E6F188200EB7BA5;
			remoteInfo = NotifyAI;
		};
		275D60762E6F188300EB7BA5 /* PBXContainerItemProxy */ = {
			isa = PBXContainerItemProxy;
			containerPortal = 275D60512E6F188200EB7BA5 /* Project object */;
			proxyType = 1;
			remoteGlobalIDString = 275D60582E6F188200EB7BA5;
			remoteInfo = NotifyAI;
		};
		27AA00012F0000000000000A /* PBXContainerItemProxy */ = {
			isa = PBXContainerItemProxy;
			containerPortal = 275D60512E6F188200EB7BA5 /* Project object */;
			proxyType = 1;
			remoteGlobalIDString = 27AA00012F00000000000006;
			remoteInfo = NotifyAIWidgets;
		};
/* End PBXContainerItemProxy section */

/* Begin PBXCopyFilesBuildPhase section */
		27AA00012F00000000000003 /* Embed Foundation Extensions */ = {
			isa = PBXCopyFilesBuildPhase;
			buildActionMask = 2147483647;
			dstPath = "";
			dstSubfolderSpec = 13;
			files = (
				27AA00012F00000000000002 /* NotifyAIWidgets.appex in Embed Foundation Extensions */,
			);
			name = "Embed Foundation Extensions";
			runOnlyForDeploymentPostprocessing = 0;
		};
/* End PBXCopyFilesBuildPhase section */

/* Begin PBXFileReference section */
		272AB6942E8B195F0083CE7B /* .gitignore */ = {isa = PBXFileReference; lastKnownFileType = text; path = .gitignore; sourceTree = "<group>"; };
		275D60592E6F188200EB7BA5 /* NotifyAI.app */ = {isa = PBXFileReference; explicitFileType = wrapper.application; includeInIndex = 0; path = NotifyAI.app; sourceTree = BUILT_PRODUCTS_DIR; };
		275D606B2E6F188300EB7BA5 /* NotifyAITests.xctest */ = {isa = PBXFileReference; explicitFileType = wrapper.cfbundle; includeInIndex = 0; path = NotifyAITests.xctest; sourceTree = BUILT_PRODUCTS_DIR; };
		275D60752E6F188300EB7BA5 /* NotifyAIUITests.xctest */ = {isa = PBXFileReference; explicitFileType = wrapper.cfbundle; includeInIndex = 0; path = NotifyAIUITests.xctest; sourceTree = BUILT_PRODUCTS_DIR; };
		27AA00012F00000000000001 /* NotifyAIWidgets.appex */ = {isa = PBXFileReference; explicitFileType = "wrapper.app-extension"; includeInIndex = 0; path = NotifyAIWidgets.appex; sourceTree = BUILT_PRODUCTS_DIR; };
/* End PBXFileReference section */

/* Begin PBXFileSystemSynchronizedRootGroup section */
		275D605B2E6F188200EB7BA5 /* NotifyAI */ = {
			isa = PBXFileSystemSynchronizedRootGroup;
			path = NotifyAI;
			sourceTree = "<group>";
		};
		275D606E2E6F188300EB7BA5 /* NotifyAITests */ = {
			isa = PBXFileSystemSynchronizedRootGroup;
			path = NotifyAITests;
			sourceTree = "<group>";
		};
		275D60782E6F188300EB7BA5 /* NotifyAIUITests */ = {
			isa = PBXFileSystemSynchronizedRootGroup;
			path = NotifyAIUITests;
			sourceTree = "<group>";
		};
		27AA00012F00000000000004 /* NotifyAIWidgets */ = {
			isa = PBXFileSystemSynchronizedRootGroup;
			path = NotifyAIWidgets;
			sourceTree = "<group>";
		};
		27AA00012F00000000000005 /* Shared */ = {
			isa = PBXFileSystemSynchronizedRootGroup;
			path = Shared;
			sourceTree = "<group>";
		};
/* End PBXFileSystemSynchronizedRootGroup section */

/* Begin PBXFrameworksBuildPhase section */
		275D60562E6F188200EB7BA5 /* Frameworks */ = {
			isa = PBXFrameworksBuildPhase;
			buildActionMask = 2147483647;
			files = (
				2727B5563034A5DC00EDD2C2 /* WhisperKit in Frameworks */,
				27BB00012F00000000000011 /* NotifyAICore in Frameworks */,
				27BB00012F00000000000012 /* AudioCapture in Frameworks */,
				27BB00012F00000000000013 /* DesignSystem in Frameworks */,
			);
			runOnlyForDeploymentPostprocessing = 0;
		};
		275D60682E6F188300EB7BA5 /* Frameworks */ = {
			isa = PBXFrameworksBuildPhase;
			buildActionMask = 2147483647;
			files = (
			);
			runOnlyForDeploymentPostprocessing = 0;
		};
		275D60722E6F188300EB7BA5 /* Frameworks */ = {
			isa = PBXFrameworksBuildPhase;
			buildActionMask = 2147483647;
			files = (
			);
			runOnlyForDeploymentPostprocessing = 0;
		};
		27AA00012F00000000000008 /* Frameworks */ = {
			isa = PBXFrameworksBuildPhase;
			buildActionMask = 2147483647;
			files = (
			);
			runOnlyForDeploymentPostprocessing = 0;
		};
/* End PBXFrameworksBuildPhase section */

/* Begin PBXGroup section */
		275D60502E6F188200EB7BA5 = {
			isa = PBXGroup;
			children = (
				272AB6942E8B195F0083CE7B /* .gitignore */,
				275D605B2E6F188200EB7BA5 /* NotifyAI */,
				27AA00012F00000000000005 /* Shared */,
				27AA00012F00000000000004 /* NotifyAIWidgets */,
				275D606E2E6F188300EB7BA5 /* NotifyAITests */,
				275D60782E6F188300EB7BA5 /* NotifyAIUITests */,
				275D605A2E6F188200EB7BA5 /* Products */,
			);
			sourceTree = "<group>";
		};
		275D605A2E6F188200EB7BA5 /* Products */ = {
			isa = PBXGroup;
			children = (
				275D60592E6F188200EB7BA5 /* NotifyAI.app */,
				275D606B2E6F188300EB7BA5 /* NotifyAITests.xctest */,
				275D60752E6F188300EB7BA5 /* NotifyAIUITests.xctest */,
				27AA00012F00000000000001 /* NotifyAIWidgets.appex */,
			);
			name = Products;
			sourceTree = "<group>";
		};
/* End PBXGroup section */

/* Begin PBXNativeTarget section */
		275D60582E6F188200EB7BA5 /* NotifyAI */ = {
			isa = PBXNativeTarget;
			buildConfigurationList = 275D607F2E6F188300EB7BA5 /* Build configuration list for PBXNativeTarget "NotifyAI" */;
			buildPhases = (
				275D60552E6F188200EB7BA5 /* Sources */,
				275D60562E6F188200EB7BA5 /* Frameworks */,
				275D60572E6F188200EB7BA5 /* Resources */,
				27AA00012F00000000000003 /* Embed Foundation Extensions */,
			);
			buildRules = (
			);
			dependencies = (
				27AA00012F0000000000000B /* PBXTargetDependency */,
			);
			fileSystemSynchronizedGroups = (
				275D605B2E6F188200EB7BA5 /* NotifyAI */,
				27AA00012F00000000000005 /* Shared */,
			);
			name = NotifyAI;
			packageProductDependencies = (
				2727B5553034A5DC00EDD2C1 /* WhisperKit */,
				27BB00012F00000000000021 /* NotifyAICore */,
				27BB00012F00000000000022 /* AudioCapture */,
				27BB00012F00000000000023 /* DesignSystem */,
			);
			productName = NotifyAI;
			productReference = 275D60592E6F188200EB7BA5 /* NotifyAI.app */;
			productType = "com.apple.product-type.application";
		};
		275D606A2E6F188300EB7BA5 /* NotifyAITests */ = {
			isa = PBXNativeTarget;
			buildConfigurationList = 275D60822E6F188300EB7BA5 /* Build configuration list for PBXNativeTarget "NotifyAITests" */;
			buildPhases = (
				275D60672E6F188300EB7BA5 /* Sources */,
				275D60682E6F188300EB7BA5 /* Frameworks */,
				275D60692E6F188300EB7BA5 /* Resources */,
			);
			buildRules = (
			);
			dependencies = (
				275D606D2E6F188300EB7BA5 /* PBXTargetDependency */,
			);
			fileSystemSynchronizedGroups = (
				275D606E2E6F188300EB7BA5 /* NotifyAITests */,
			);
			name = NotifyAITests;
			packageProductDependencies = (
			);
			productName = NotifyAITests;
			productReference = 275D606B2E6F188300EB7BA5 /* NotifyAITests.xctest */;
			productType = "com.apple.product-type.bundle.unit-test";
		};
		275D60742E6F188300EB7BA5 /* NotifyAIUITests */ = {
			isa = PBXNativeTarget;
			buildConfigurationList = 275D60852E6F188300EB7BA5 /* Build configuration list for PBXNativeTarget "NotifyAIUITests" */;
			buildPhases = (
				275D60712E6F188300EB7BA5 /* Sources */,
				275D60722E6F188300EB7BA5 /* Frameworks */,
				275D60732E6F188300EB7BA5 /* Resources */,
			);
			buildRules = (
			);
			dependencies = (
				275D60772E6F188300EB7BA5 /* PBXTargetDependency */,
			);
			fileSystemSynchronizedGroups = (
				275D60782E6F188300EB7BA5 /* NotifyAIUITests */,
			);
			name = NotifyAIUITests;
			packageProductDependencies = (
			);
			productName = NotifyAIUITests;
			productReference = 275D60752E6F188300EB7BA5 /* NotifyAIUITests.xctest */;
			productType = "com.apple.product-type.bundle.ui-testing";
		};
		27AA00012F00000000000006 /* NotifyAIWidgets */ = {
			isa = PBXNativeTarget;
			buildConfigurationList = 27AA00012F0000000000000C /* Build configuration list for PBXNativeTarget "NotifyAIWidgets" */;
			buildPhases = (
				27AA00012F00000000000007 /* Sources */,
				27AA00012F00000000000008 /* Frameworks */,
				27AA00012F00000000000009 /* Resources */,
			);
			buildRules = (
			);
			dependencies = (
			);
			fileSystemSynchronizedGroups = (
				27AA00012F00000000000004 /* NotifyAIWidgets */,
				27AA00012F00000000000005 /* Shared */,
			);
			name = NotifyAIWidgets;
			packageProductDependencies = (
			);
			productName = NotifyAIWidgets;
			productReference = 27AA00012F00000000000001 /* NotifyAIWidgets.appex */;
			productType = "com.apple.product-type.app-extension";
		};
/* End PBXNativeTarget section */

/* Begin PBXProject section */
		275D60512E6F188200EB7BA5 /* Project object */ = {
			isa = PBXProject;
			attributes = {
				BuildIndependentTargetsInParallel = 1;
				LastSwiftUpdateCheck = 1640;
				LastUpgradeCheck = 2600;
				TargetAttributes = {
					275D60582E6F188200EB7BA5 = {
						CreatedOnToolsVersion = 16.4;
					};
					275D606A2E6F188300EB7BA5 = {
						CreatedOnToolsVersion = 16.4;
						TestTargetID = 275D60582E6F188200EB7BA5;
					};
					275D60742E6F188300EB7BA5 = {
						CreatedOnToolsVersion = 16.4;
						TestTargetID = 275D60582E6F188200EB7BA5;
					};
					27AA00012F00000000000006 = {
						CreatedOnToolsVersion = 27.0;
					};
				};
			};
			buildConfigurationList = 275D60542E6F188200EB7BA5 /* Build configuration list for PBXProject "NotifyAI" */;
			developmentRegion = de;
			hasScannedForEncodings = 0;
			knownRegions = (
				de,
				en,
				Base,
			);
			mainGroup = 275D60502E6F188200EB7BA5;
			minimizedProjectReferenceProxies = 1;
			packageReferences = (
				2727B5543034A5DC00EDD2C0 /* XCRemoteSwiftPackageReference "WhisperKit" */,
				27BB00012F00000000000001 /* XCLocalSwiftPackageReference "Packages/NotifyAIKit" */,
			);
			preferredProjectObjectVersion = 77;
			productRefGroup = 275D605A2E6F188200EB7BA5 /* Products */;
			projectDirPath = "";
			projectRoot = "";
			targets = (
				275D60582E6F188200EB7BA5 /* NotifyAI */,
				275D606A2E6F188300EB7BA5 /* NotifyAITests */,
				275D60742E6F188300EB7BA5 /* NotifyAIUITests */,
				27AA00012F00000000000006 /* NotifyAIWidgets */,
			);
		};
/* End PBXProject section */

/* Begin PBXResourcesBuildPhase section */
		275D60572E6F188200EB7BA5 /* Resources */ = {
			isa = PBXResourcesBuildPhase;
			buildActionMask = 2147483647;
			files = (
			);
			runOnlyForDeploymentPostprocessing = 0;
		};
		275D60692E6F188300EB7BA5 /* Resources */ = {
			isa = PBXResourcesBuildPhase;
			buildActionMask = 2147483647;
			files = (
			);
			runOnlyForDeploymentPostprocessing = 0;
		};
		275D60732E6F188300EB7BA5 /* Resources */ = {
			isa = PBXResourcesBuildPhase;
			buildActionMask = 2147483647;
			files = (
			);
			runOnlyForDeploymentPostprocessing = 0;
		};
		27AA00012F00000000000009 /* Resources */ = {
			isa = PBXResourcesBuildPhase;
			buildActionMask = 2147483647;
			files = (
			);
			runOnlyForDeploymentPostprocessing = 0;
		};
/* End PBXResourcesBuildPhase section */

/* Begin PBXSourcesBuildPhase section */
		275D60552E6F188200EB7BA5 /* Sources */ = {
			isa = PBXSourcesBuildPhase;
			buildActionMask = 2147483647;
			files = (
			);
			runOnlyForDeploymentPostprocessing = 0;
		};
		275D60672E6F188300EB7BA5 /* Sources */ = {
			isa = PBXSourcesBuildPhase;
			buildActionMask = 2147483647;
			files = (
			);
			runOnlyForDeploymentPostprocessing = 0;
		};
		275D60712E6F188300EB7BA5 /* Sources */ = {
			isa = PBXSourcesBuildPhase;
			buildActionMask = 2147483647;
			files = (
			);
			runOnlyForDeploymentPostprocessing = 0;
		};
		27AA00012F00000000000007 /* Sources */ = {
			isa = PBXSourcesBuildPhase;
			buildActionMask = 2147483647;
			files = (
			);
			runOnlyForDeploymentPostprocessing = 0;
		};
/* End PBXSourcesBuildPhase section */

/* Begin PBXTargetDependency section */
		275D606D2E6F188300EB7BA5 /* PBXTargetDependency */ = {
			isa = PBXTargetDependency;
			target = 275D60582E6F188200EB7BA5 /* NotifyAI */;
			targetProxy = 275D606C2E6F188300EB7BA5 /* PBXContainerItemProxy */;
		};
		275D60772E6F188300EB7BA5 /* PBXTargetDependency */ = {
			isa = PBXTargetDependency;
			target = 275D60582E6F188200EB7BA5 /* NotifyAI */;
			targetProxy = 275D60762E6F188300EB7BA5 /* PBXContainerItemProxy */;
		};
		27AA00012F0000000000000B /* PBXTargetDependency */ = {
			isa = PBXTargetDependency;
			platformFilter = ios;
			target = 27AA00012F00000000000006 /* NotifyAIWidgets */;
			targetProxy = 27AA00012F0000000000000A /* PBXContainerItemProxy */;
		};
/* End PBXTargetDependency section */

/* Begin XCBuildConfiguration section */
		275D607D2E6F188300EB7BA5 /* Debug */ = {
			isa = XCBuildConfiguration;
			buildSettings = {
				ALWAYS_SEARCH_USER_PATHS = NO;
				ASSETCATALOG_COMPILER_GENERATE_SWIFT_ASSET_SYMBOL_EXTENSIONS = YES;
				CLANG_ANALYZER_NONNULL = YES;
				CLANG_ANALYZER_NUMBER_OBJECT_CONVERSION = YES_AGGRESSIVE;
				CLANG_CXX_LANGUAGE_STANDARD = "gnu++20";
				CLANG_ENABLE_MODULES = YES;
				CLANG_ENABLE_OBJC_ARC = YES;
				CLANG_ENABLE_OBJC_WEAK = YES;
				CLANG_WARN_BLOCK_CAPTURE_AUTORELEASING = YES;
				CLANG_WARN_BOOL_CONVERSION = YES;
				CLANG_WARN_COMMA = YES;
				CLANG_WARN_CONSTANT_CONVERSION = YES;
				CLANG_WARN_DEPRECATED_OBJC_IMPLEMENTATIONS = YES;
				CLANG_WARN_DIRECT_OBJC_ISA_USAGE = YES_ERROR;
				CLANG_WARN_DOCUMENTATION_COMMENTS = YES;
				CLANG_WARN_EMPTY_BODY = YES;
				CLANG_WARN_ENUM_CONVERSION = YES;
				CLANG_WARN_INFINITE_RECURSION = YES;
				CLANG_WARN_INT_CONVERSION = YES;
				CLANG_WARN_NON_LITERAL_NULL_CONVERSION = YES;
				CLANG_WARN_OBJC_IMPLICIT_RETAIN_SELF = YES;
				CLANG_WARN_OBJC_LITERAL_CONVERSION = YES;
				CLANG_WARN_OBJC_ROOT_CLASS = YES_ERROR;
				CLANG_WARN_QUOTED_INCLUDE_IN_FRAMEWORK_HEADER = YES;
				CLANG_WARN_RANGE_LOOP_ANALYSIS = YES;
				CLANG_WARN_STRICT_PROTOTYPES = YES;
				CLANG_WARN_SUSPICIOUS_MOVE = YES;
				CLANG_WARN_UNGUARDED_AVAILABILITY = YES_AGGRESSIVE;
				CLANG_WARN_UNREACHABLE_CODE = YES;
				CLANG_WARN__DUPLICATE_METHOD_MATCH = YES;
				COPY_PHASE_STRIP = NO;
				DEBUG_INFORMATION_FORMAT = dwarf;
				ENABLE_STRICT_OBJC_MSGSEND = YES;
				ENABLE_TESTABILITY = YES;
				ENABLE_USER_SCRIPT_SANDBOXING = YES;
				GCC_C_LANGUAGE_STANDARD = gnu17;
				GCC_DYNAMIC_NO_PIC = NO;
				GCC_NO_COMMON_BLOCKS = YES;
				GCC_OPTIMIZATION_LEVEL = 0;
				GCC_PREPROCESSOR_DEFINITIONS = (
					"DEBUG=1",
					"$(inherited)",
				);
				GCC_WARN_64_TO_32_BIT_CONVERSION = YES;
				GCC_WARN_ABOUT_RETURN_TYPE = YES_ERROR;
				GCC_WARN_UNDECLARED_SELECTOR = YES;
				GCC_WARN_UNINITIALIZED_AUTOS = YES_AGGRESSIVE;
				GCC_WARN_UNUSED_FUNCTION = YES;
				GCC_WARN_UNUSED_VARIABLE = YES;
				IPHONEOS_DEPLOYMENT_TARGET = 26.0;
				LOCALIZATION_PREFERS_STRING_CATALOGS = YES;
				MACOSX_DEPLOYMENT_TARGET = 26.0;
				MTL_ENABLE_DEBUG_INFO = INCLUDE_SOURCE;
				MTL_FAST_MATH = YES;
				ONLY_ACTIVE_ARCH = YES;
				SDKROOT = iphoneos;
				STRING_CATALOG_GENERATE_SYMBOLS = YES;
				SWIFT_ACTIVE_COMPILATION_CONDITIONS = "DEBUG $(inherited)";
				SWIFT_OPTIMIZATION_LEVEL = "-Onone";
			};
			name = Debug;
		};
		275D607E2E6F188300EB7BA5 /* Release */ = {
			isa = XCBuildConfiguration;
			buildSettings = {
				ALWAYS_SEARCH_USER_PATHS = NO;
				ASSETCATALOG_COMPILER_GENERATE_SWIFT_ASSET_SYMBOL_EXTENSIONS = YES;
				CLANG_ANALYZER_NONNULL = YES;
				CLANG_ANALYZER_NUMBER_OBJECT_CONVERSION = YES_AGGRESSIVE;
				CLANG_CXX_LANGUAGE_STANDARD = "gnu++20";
				CLANG_ENABLE_MODULES = YES;
				CLANG_ENABLE_OBJC_ARC = YES;
				CLANG_ENABLE_OBJC_WEAK = YES;
				CLANG_WARN_BLOCK_CAPTURE_AUTORELEASING = YES;
				CLANG_WARN_BOOL_CONVERSION = YES;
				CLANG_WARN_COMMA = YES;
				CLANG_WARN_CONSTANT_CONVERSION = YES;
				CLANG_WARN_DEPRECATED_OBJC_IMPLEMENTATIONS = YES;
				CLANG_WARN_DIRECT_OBJC_ISA_USAGE = YES_ERROR;
				CLANG_WARN_DOCUMENTATION_COMMENTS = YES;
				CLANG_WARN_EMPTY_BODY = YES;
				CLANG_WARN_ENUM_CONVERSION = YES;
				CLANG_WARN_INFINITE_RECURSION = YES;
				CLANG_WARN_INT_CONVERSION = YES;
				CLANG_WARN_NON_LITERAL_NULL_CONVERSION = YES;
				CLANG_WARN_OBJC_IMPLICIT_RETAIN_SELF = YES;
				CLANG_WARN_OBJC_LITERAL_CONVERSION = YES;
				CLANG_WARN_OBJC_ROOT_CLASS = YES_ERROR;
				CLANG_WARN_QUOTED_INCLUDE_IN_FRAMEWORK_HEADER = YES;
				CLANG_WARN_RANGE_LOOP_ANALYSIS = YES;
				CLANG_WARN_STRICT_PROTOTYPES = YES;
				CLANG_WARN_SUSPICIOUS_MOVE = YES;
				CLANG_WARN_UNGUARDED_AVAILABILITY = YES_AGGRESSIVE;
				CLANG_WARN_UNREACHABLE_CODE = YES;
				CLANG_WARN__DUPLICATE_METHOD_MATCH = YES;
				COPY_PHASE_STRIP = NO;
				DEBUG_INFORMATION_FORMAT = "dwarf-with-dsym";
				ENABLE_NS_ASSERTIONS = NO;
				ENABLE_STRICT_OBJC_MSGSEND = YES;
				ENABLE_USER_SCRIPT_SANDBOXING = YES;
				GCC_C_LANGUAGE_STANDARD = gnu17;
				GCC_NO_COMMON_BLOCKS = YES;
				GCC_WARN_64_TO_32_BIT_CONVERSION = YES;
				GCC_WARN_ABOUT_RETURN_TYPE = YES_ERROR;
				GCC_WARN_UNDECLARED_SELECTOR = YES;
				GCC_WARN_UNINITIALIZED_AUTOS = YES_AGGRESSIVE;
				GCC_WARN_UNUSED_FUNCTION = YES;
				GCC_WARN_UNUSED_VARIABLE = YES;
				IPHONEOS_DEPLOYMENT_TARGET = 26.0;
				LOCALIZATION_PREFERS_STRING_CATALOGS = YES;
				MACOSX_DEPLOYMENT_TARGET = 26.0;
				MTL_ENABLE_DEBUG_INFO = NO;
				MTL_FAST_MATH = YES;
				SDKROOT = iphoneos;
				STRING_CATALOG_GENERATE_SYMBOLS = YES;
				SWIFT_COMPILATION_MODE = wholemodule;
				VALIDATE_PRODUCT = YES;
			};
			name = Release;
		};
		275D60802E6F188300EB7BA5 /* Debug */ = {
			isa = XCBuildConfiguration;
			buildSettings = {
				ASSETCATALOG_COMPILER_APPICON_NAME = AppIcon;
				ASSETCATALOG_COMPILER_GLOBAL_ACCENT_COLOR_NAME = AccentColor;
				CODE_SIGN_STYLE = Automatic;
				CURRENT_PROJECT_VERSION = 1;
				DEVELOPMENT_TEAM = 36B9A7K3RP;
				ENABLE_APP_SANDBOX = YES;
				ENABLE_HARDENED_RUNTIME = YES;
				ENABLE_OUTGOING_NETWORK_CONNECTIONS = YES;
				ENABLE_PREVIEWS = YES;
				ENABLE_RESOURCE_ACCESS_AUDIO_INPUT = YES;
				ENABLE_USER_SELECTED_FILES = readonly;
				GENERATE_INFOPLIST_FILE = YES;
				"INFOPLIST_FILE[sdk=iphoneos*]" = "NotifyAI-Info.plist";
				"INFOPLIST_FILE[sdk=iphonesimulator*]" = "NotifyAI-Info.plist";
				"INFOPLIST_FILE[sdk=macosx*]" = "NotifyAI-macOS-Info.plist";
				INFOPLIST_KEY_CFBundleDisplayName = NotifyAI;
				INFOPLIST_KEY_LSApplicationCategoryType = "public.app-category.productivity";
				INFOPLIST_KEY_NSMicrophoneUsageDescription = "NotifyAI nimmt Gespräche über das Mikrofon auf. Die Aufnahmen bleiben auf diesem Gerät.";
				INFOPLIST_KEY_NSSpeechRecognitionUsageDescription = "NotifyAI wandelt deine Aufnahmen direkt auf dem Gerät in Text um.";
				"INFOPLIST_KEY_UIApplicationSceneManifest_Generation[sdk=iphoneos*]" = YES;
				"INFOPLIST_KEY_UIApplicationSceneManifest_Generation[sdk=iphonesimulator*]" = YES;
				"INFOPLIST_KEY_UIApplicationSupportsIndirectInputEvents[sdk=iphoneos*]" = YES;
				"INFOPLIST_KEY_UIApplicationSupportsIndirectInputEvents[sdk=iphonesimulator*]" = YES;
				"INFOPLIST_KEY_UILaunchScreen_Generation[sdk=iphoneos*]" = YES;
				"INFOPLIST_KEY_UILaunchScreen_Generation[sdk=iphonesimulator*]" = YES;
				INFOPLIST_KEY_UISupportedInterfaceOrientations_iPad = "UIInterfaceOrientationPortrait UIInterfaceOrientationPortraitUpsideDown UIInterfaceOrientationLandscapeLeft UIInterfaceOrientationLandscapeRight";
				INFOPLIST_KEY_UISupportedInterfaceOrientations_iPhone = UIInterfaceOrientationPortrait;
				IPHONEOS_DEPLOYMENT_TARGET = 26.0;
				LD_RUNPATH_SEARCH_PATHS = (
					"$(inherited)",
					"@executable_path/Frameworks",
				);
				"LD_RUNPATH_SEARCH_PATHS[sdk=macosx*]" = (
					"$(inherited)",
					"@executable_path/../Frameworks",
				);
				MACOSX_DEPLOYMENT_TARGET = 26.0;
				MARKETING_VERSION = 1.0;
				PRODUCT_BUNDLE_IDENTIFIER = com.justus.NotifyAI;
				PRODUCT_NAME = "$(TARGET_NAME)";
				SDKROOT = auto;
				SUPPORTED_PLATFORMS = "iphoneos iphonesimulator macosx";
				SUPPORTS_MACCATALYST = NO;
				SUPPORTS_MAC_DESIGNED_FOR_IPHONE_IPAD = NO;
				SUPPORTS_XR_DESIGNED_FOR_IPHONE_IPAD = NO;
				SWIFT_EMIT_LOC_STRINGS = YES;
				SWIFT_VERSION = 6.0;
				TARGETED_DEVICE_FAMILY = "1,2";
			};
			name = Debug;
		};
		275D60812E6F188300EB7BA5 /* Release */ = {
			isa = XCBuildConfiguration;
			buildSettings = {
				ASSETCATALOG_COMPILER_APPICON_NAME = AppIcon;
				ASSETCATALOG_COMPILER_GLOBAL_ACCENT_COLOR_NAME = AccentColor;
				CODE_SIGN_STYLE = Automatic;
				CURRENT_PROJECT_VERSION = 1;
				DEVELOPMENT_TEAM = 36B9A7K3RP;
				ENABLE_APP_SANDBOX = YES;
				ENABLE_HARDENED_RUNTIME = YES;
				ENABLE_OUTGOING_NETWORK_CONNECTIONS = YES;
				ENABLE_PREVIEWS = YES;
				ENABLE_RESOURCE_ACCESS_AUDIO_INPUT = YES;
				ENABLE_USER_SELECTED_FILES = readonly;
				GENERATE_INFOPLIST_FILE = YES;
				"INFOPLIST_FILE[sdk=iphoneos*]" = "NotifyAI-Info.plist";
				"INFOPLIST_FILE[sdk=iphonesimulator*]" = "NotifyAI-Info.plist";
				"INFOPLIST_FILE[sdk=macosx*]" = "NotifyAI-macOS-Info.plist";
				INFOPLIST_KEY_CFBundleDisplayName = NotifyAI;
				INFOPLIST_KEY_LSApplicationCategoryType = "public.app-category.productivity";
				INFOPLIST_KEY_NSMicrophoneUsageDescription = "NotifyAI nimmt Gespräche über das Mikrofon auf. Die Aufnahmen bleiben auf diesem Gerät.";
				INFOPLIST_KEY_NSSpeechRecognitionUsageDescription = "NotifyAI wandelt deine Aufnahmen direkt auf dem Gerät in Text um.";
				"INFOPLIST_KEY_UIApplicationSceneManifest_Generation[sdk=iphoneos*]" = YES;
				"INFOPLIST_KEY_UIApplicationSceneManifest_Generation[sdk=iphonesimulator*]" = YES;
				"INFOPLIST_KEY_UIApplicationSupportsIndirectInputEvents[sdk=iphoneos*]" = YES;
				"INFOPLIST_KEY_UIApplicationSupportsIndirectInputEvents[sdk=iphonesimulator*]" = YES;
				"INFOPLIST_KEY_UILaunchScreen_Generation[sdk=iphoneos*]" = YES;
				"INFOPLIST_KEY_UILaunchScreen_Generation[sdk=iphonesimulator*]" = YES;
				INFOPLIST_KEY_UISupportedInterfaceOrientations_iPad = "UIInterfaceOrientationPortrait UIInterfaceOrientationPortraitUpsideDown UIInterfaceOrientationLandscapeLeft UIInterfaceOrientationLandscapeRight";
				INFOPLIST_KEY_UISupportedInterfaceOrientations_iPhone = UIInterfaceOrientationPortrait;
				IPHONEOS_DEPLOYMENT_TARGET = 26.0;
				LD_RUNPATH_SEARCH_PATHS = (
					"$(inherited)",
					"@executable_path/Frameworks",
				);
				"LD_RUNPATH_SEARCH_PATHS[sdk=macosx*]" = (
					"$(inherited)",
					"@executable_path/../Frameworks",
				);
				MACOSX_DEPLOYMENT_TARGET = 26.0;
				MARKETING_VERSION = 1.0;
				PRODUCT_BUNDLE_IDENTIFIER = com.justus.NotifyAI;
				PRODUCT_NAME = "$(TARGET_NAME)";
				SDKROOT = auto;
				SUPPORTED_PLATFORMS = "iphoneos iphonesimulator macosx";
				SUPPORTS_MACCATALYST = NO;
				SUPPORTS_MAC_DESIGNED_FOR_IPHONE_IPAD = NO;
				SUPPORTS_XR_DESIGNED_FOR_IPHONE_IPAD = NO;
				SWIFT_EMIT_LOC_STRINGS = YES;
				SWIFT_VERSION = 6.0;
				TARGETED_DEVICE_FAMILY = "1,2";
			};
			name = Release;
		};
		275D60832E6F188300EB7BA5 /* Debug */ = {
			isa = XCBuildConfiguration;
			buildSettings = {
				BUNDLE_LOADER = "$(TEST_HOST)";
				CODE_SIGN_STYLE = Automatic;
				CURRENT_PROJECT_VERSION = 1;
				GENERATE_INFOPLIST_FILE = YES;
				IPHONEOS_DEPLOYMENT_TARGET = 26.0;
				MACOSX_DEPLOYMENT_TARGET = 26.0;
				MARKETING_VERSION = 1.0;
				PRODUCT_BUNDLE_IDENTIFIER = com.justus.NotifyAITests;
				PRODUCT_NAME = "$(TARGET_NAME)";
				SDKROOT = auto;
				SUPPORTED_PLATFORMS = "iphoneos iphonesimulator macosx";
				SUPPORTS_MACCATALYST = NO;
				SWIFT_EMIT_LOC_STRINGS = NO;
				SWIFT_VERSION = 6.0;
				TARGETED_DEVICE_FAMILY = "1,2";
				TEST_HOST = "$(BUILT_PRODUCTS_DIR)/NotifyAI.app/$(BUNDLE_EXECUTABLE_FOLDER_PATH)/NotifyAI";
			};
			name = Debug;
		};
		275D60842E6F188300EB7BA5 /* Release */ = {
			isa = XCBuildConfiguration;
			buildSettings = {
				BUNDLE_LOADER = "$(TEST_HOST)";
				CODE_SIGN_STYLE = Automatic;
				CURRENT_PROJECT_VERSION = 1;
				GENERATE_INFOPLIST_FILE = YES;
				IPHONEOS_DEPLOYMENT_TARGET = 26.0;
				MACOSX_DEPLOYMENT_TARGET = 26.0;
				MARKETING_VERSION = 1.0;
				PRODUCT_BUNDLE_IDENTIFIER = com.justus.NotifyAITests;
				PRODUCT_NAME = "$(TARGET_NAME)";
				SDKROOT = auto;
				SUPPORTED_PLATFORMS = "iphoneos iphonesimulator macosx";
				SUPPORTS_MACCATALYST = NO;
				SWIFT_EMIT_LOC_STRINGS = NO;
				SWIFT_VERSION = 6.0;
				TARGETED_DEVICE_FAMILY = "1,2";
				TEST_HOST = "$(BUILT_PRODUCTS_DIR)/NotifyAI.app/$(BUNDLE_EXECUTABLE_FOLDER_PATH)/NotifyAI";
			};
			name = Release;
		};
		275D60862E6F188300EB7BA5 /* Debug */ = {
			isa = XCBuildConfiguration;
			buildSettings = {
				CODE_SIGN_STYLE = Automatic;
				CURRENT_PROJECT_VERSION = 1;
				GENERATE_INFOPLIST_FILE = YES;
				IPHONEOS_DEPLOYMENT_TARGET = 26.0;
				MACOSX_DEPLOYMENT_TARGET = 26.0;
				MARKETING_VERSION = 1.0;
				PRODUCT_BUNDLE_IDENTIFIER = com.justus.NotifyAIUITests;
				PRODUCT_NAME = "$(TARGET_NAME)";
				SDKROOT = auto;
				SUPPORTED_PLATFORMS = "iphoneos iphonesimulator macosx";
				SUPPORTS_MACCATALYST = NO;
				SWIFT_EMIT_LOC_STRINGS = NO;
				SWIFT_VERSION = 6.0;
				TARGETED_DEVICE_FAMILY = "1,2";
				TEST_TARGET_NAME = NotifyAI;
			};
			name = Debug;
		};
		275D60872E6F188300EB7BA5 /* Release */ = {
			isa = XCBuildConfiguration;
			buildSettings = {
				CODE_SIGN_STYLE = Automatic;
				CURRENT_PROJECT_VERSION = 1;
				GENERATE_INFOPLIST_FILE = YES;
				IPHONEOS_DEPLOYMENT_TARGET = 26.0;
				MACOSX_DEPLOYMENT_TARGET = 26.0;
				MARKETING_VERSION = 1.0;
				PRODUCT_BUNDLE_IDENTIFIER = com.justus.NotifyAIUITests;
				PRODUCT_NAME = "$(TARGET_NAME)";
				SDKROOT = auto;
				SUPPORTED_PLATFORMS = "iphoneos iphonesimulator macosx";
				SUPPORTS_MACCATALYST = NO;
				SWIFT_EMIT_LOC_STRINGS = NO;
				SWIFT_VERSION = 6.0;
				TARGETED_DEVICE_FAMILY = "1,2";
				TEST_TARGET_NAME = NotifyAI;
			};
			name = Release;
		};
		27AA00012F0000000000000D /* Debug */ = {
			isa = XCBuildConfiguration;
			buildSettings = {
				CODE_SIGN_STYLE = Automatic;
				CURRENT_PROJECT_VERSION = 1;
				DEVELOPMENT_TEAM = 36B9A7K3RP;
				GENERATE_INFOPLIST_FILE = YES;
				INFOPLIST_FILE = "NotifyAIWidgets-Info.plist";
				INFOPLIST_KEY_CFBundleDisplayName = NotifyAI;
				IPHONEOS_DEPLOYMENT_TARGET = 26.0;
				LD_RUNPATH_SEARCH_PATHS = (
					"$(inherited)",
					"@executable_path/Frameworks",
					"@executable_path/../../Frameworks",
				);
				MARKETING_VERSION = 1.0;
				PRODUCT_BUNDLE_IDENTIFIER = com.justus.NotifyAI.Widgets;
				PRODUCT_NAME = "$(TARGET_NAME)";
				SDKROOT = iphoneos;
				SKIP_INSTALL = YES;
				SUPPORTED_PLATFORMS = "iphoneos iphonesimulator";
				SUPPORTS_MACCATALYST = NO;
				SWIFT_EMIT_LOC_STRINGS = YES;
				SWIFT_VERSION = 6.0;
				TARGETED_DEVICE_FAMILY = "1,2";
			};
			name = Debug;
		};
		27AA00012F0000000000000E /* Release */ = {
			isa = XCBuildConfiguration;
			buildSettings = {
				CODE_SIGN_STYLE = Automatic;
				CURRENT_PROJECT_VERSION = 1;
				DEVELOPMENT_TEAM = 36B9A7K3RP;
				GENERATE_INFOPLIST_FILE = YES;
				INFOPLIST_FILE = "NotifyAIWidgets-Info.plist";
				INFOPLIST_KEY_CFBundleDisplayName = NotifyAI;
				IPHONEOS_DEPLOYMENT_TARGET = 26.0;
				LD_RUNPATH_SEARCH_PATHS = (
					"$(inherited)",
					"@executable_path/Frameworks",
					"@executable_path/../../Frameworks",
				);
				MARKETING_VERSION = 1.0;
				PRODUCT_BUNDLE_IDENTIFIER = com.justus.NotifyAI.Widgets;
				PRODUCT_NAME = "$(TARGET_NAME)";
				SDKROOT = iphoneos;
				SKIP_INSTALL = YES;
				SUPPORTED_PLATFORMS = "iphoneos iphonesimulator";
				SUPPORTS_MACCATALYST = NO;
				SWIFT_EMIT_LOC_STRINGS = YES;
				SWIFT_VERSION = 6.0;
				TARGETED_DEVICE_FAMILY = "1,2";
			};
			name = Release;
		};
/* End XCBuildConfiguration section */

/* Begin XCConfigurationList section */
		275D60542E6F188200EB7BA5 /* Build configuration list for PBXProject "NotifyAI" */ = {
			isa = XCConfigurationList;
			buildConfigurations = (
				275D607D2E6F188300EB7BA5 /* Debug */,
				275D607E2E6F188300EB7BA5 /* Release */,
			);
			defaultConfigurationIsVisible = 0;
			defaultConfigurationName = Release;
		};
		275D607F2E6F188300EB7BA5 /* Build configuration list for PBXNativeTarget "NotifyAI" */ = {
			isa = XCConfigurationList;
			buildConfigurations = (
				275D60802E6F188300EB7BA5 /* Debug */,
				275D60812E6F188300EB7BA5 /* Release */,
			);
			defaultConfigurationIsVisible = 0;
			defaultConfigurationName = Release;
		};
		275D60822E6F188300EB7BA5 /* Build configuration list for PBXNativeTarget "NotifyAITests" */ = {
			isa = XCConfigurationList;
			buildConfigurations = (
				275D60832E6F188300EB7BA5 /* Debug */,
				275D60842E6F188300EB7BA5 /* Release */,
			);
			defaultConfigurationIsVisible = 0;
			defaultConfigurationName = Release;
		};
		275D60852E6F188300EB7BA5 /* Build configuration list for PBXNativeTarget "NotifyAIUITests" */ = {
			isa = XCConfigurationList;
			buildConfigurations = (
				275D60862E6F188300EB7BA5 /* Debug */,
				275D60872E6F188300EB7BA5 /* Release */,
			);
			defaultConfigurationIsVisible = 0;
			defaultConfigurationName = Release;
		};
		27AA00012F0000000000000C /* Build configuration list for PBXNativeTarget "NotifyAIWidgets" */ = {
			isa = XCConfigurationList;
			buildConfigurations = (
				27AA00012F0000000000000D /* Debug */,
				27AA00012F0000000000000E /* Release */,
			);
			defaultConfigurationIsVisible = 0;
			defaultConfigurationName = Release;
		};
/* End XCConfigurationList section */

/* Begin XCLocalSwiftPackageReference section */
		27BB00012F00000000000001 /* XCLocalSwiftPackageReference "Packages/NotifyAIKit" */ = {
			isa = XCLocalSwiftPackageReference;
			relativePath = Packages/NotifyAIKit;
		};
/* End XCLocalSwiftPackageReference section */

/* Begin XCRemoteSwiftPackageReference section */
		2727B5543034A5DC00EDD2C0 /* XCRemoteSwiftPackageReference "WhisperKit" */ = {
			isa = XCRemoteSwiftPackageReference;
			repositoryURL = "https://github.com/argmaxinc/WhisperKit";
			requirement = {
				kind = revision;
				revision = f31370fbb39818e32722426eb9878665dfcfae3c;
			};
		};
/* End XCRemoteSwiftPackageReference section */

/* Begin XCSwiftPackageProductDependency section */
		2727B5553034A5DC00EDD2C1 /* WhisperKit */ = {
			isa = XCSwiftPackageProductDependency;
			package = 2727B5543034A5DC00EDD2C0 /* XCRemoteSwiftPackageReference "WhisperKit" */;
			productName = WhisperKit;
		};
		27BB00012F00000000000021 /* NotifyAICore */ = {
			isa = XCSwiftPackageProductDependency;
			package = 27BB00012F00000000000001 /* XCLocalSwiftPackageReference "Packages/NotifyAIKit" */;
			productName = NotifyAICore;
		};
		27BB00012F00000000000022 /* AudioCapture */ = {
			isa = XCSwiftPackageProductDependency;
			package = 27BB00012F00000000000001 /* XCLocalSwiftPackageReference "Packages/NotifyAIKit" */;
			productName = AudioCapture;
		};
		27BB00012F00000000000023 /* DesignSystem */ = {
			isa = XCSwiftPackageProductDependency;
			package = 27BB00012F00000000000001 /* XCLocalSwiftPackageReference "Packages/NotifyAIKit" */;
			productName = DesignSystem;
		};
/* End XCSwiftPackageProductDependency section */
	};
	rootObject = 275D60512E6F188200EB7BA5 /* Project object */;
}
