// !$*UTF8*$!
{
	archiveVersion = 1;
	classes = {
	};
	objectVersion = 77;
	objects = {

/* Begin PBXContainerItemProxy section */
		275D606C2E6F188300EB7BA5 /* PBXContainerItemProxy */ = {
			isa = PBXContainerItemProxy;
			containerPortal = 275D60512E6F188200EB7BA5 /* Project object */;
			proxyType = 1;
			remoteGlobalIDString = 275D60582E6F188200EB7BA5;
			remoteInfo = NotifyAI;
		};
		275D60762E6F188300EB7BA5 /* PBXContainerItemProxy */ = {
			isa = PBXContainerItemProxy;
			containerPortal = 275D60512E6F188200EB7BA5 /* Project object */;
			proxyType = 1;
			remoteGlobalIDString = 275D60582E6F188200EB7BA5;
			remoteInfo = NotifyAI;
		};
/* End PBXContainerItemProxy section */

/* Begin PBXFileReference section */
		272AB6942E8B195F0083CE7B /* .gitignore */ = {isa = PBXFileReference; lastKnownFileType = text; path = .gitignore; sourceTree = "<group>"; };
		275D60592E6F188200EB7BA5 /* NotifyAI.app */ = {isa = PBXFileReference; explicitFileType = wrapper.application; includeInIndex = 0; path = NotifyAI.app; sourceTree = BUILT_PRODUCTS_DIR; };
		275D606B2E6F188300EB7BA5 /* NotifyAITests.xctest */ = {isa = PBXFileReference; explicitFileType = wrapper.cfbundle; includeInIndex = 0; path = NotifyAITests.xctest; sourceTree = BUILT_PRODUCTS_DIR; };
		275D60752E6F188300EB7BA5 /* NotifyAIUITests.xctest */ = {isa = PBXFileReference; explicitFileType = wrapper.cfbundle; includeInIndex = 0; path = NotifyAIUITests.xctest; sourceTree = BUILT_PRODUCTS_DIR; };
/* End PBXFileReference section */

/* Begin PBXFileSystemSynchronizedBuildFileExceptionSet section */
		27B954772F8A8512002199D6 /* Exceptions for "NotifyAI" folder in "NotifyAI" target */ = {
			isa = PBXFileSystemSynchronizedBuildFileExceptionSet;
			membershipExceptions = (
				Assets.xcassets,
			);
			target = 275D60582E6F188200EB7BA5 /* NotifyAI */;
		};
/* End PBXFileSystemSynchronizedBuildFileExceptionSet section */

/* Begin PBXFileSystemSynchronizedRootGroup section */
		27022B0F2E827BE40077F224 /* Models */ = {
			isa = PBXFileSystemSynchronizedRootGroup;
			path = Models;
			sourceTree = "<group>";
		};
		27022B112E827BFB0077F224 /* Services */ = {
			isa = PBXFileSystemSynchronizedRootGroup;
			path = Services;
			sourceTree = "<group>";
		};
		27022B122E827C000077F224 /* ViewModels */ = {
			isa = PBXFileSystemSynchronizedRootGroup;
			path = ViewModels;
			sourceTree = "<group>";
		};
		27022B142E827C0F0077F224 /* Views */ = {
			isa = PBXFileSystemSynchronizedRootGroup;
			path = Views;
			sourceTree = "<group>";
		};
		275D605B2E6F188200EB7BA5 /* NotifyAI */ = {
			isa = PBXFileSystemSynchronizedRootGroup;
			exceptions = (
				27B954772F8A8512002199D6 /* Exceptions for "NotifyAI" folder in "NotifyAI" target */,
			);
			path = NotifyAI;
			sourceTree = "<group>";
		};
		275D606E2E6F188300EB7BA5 /* NotifyAITests */ = {
			isa = PBXFileSystemSynchronizedRootGroup;
			path = NotifyAITests;
			sourceTree = "<group>";
		};
		275D60782E6F188300EB7BA5 /* NotifyAIUITests */ = {
			isa = PBXFileSystemSynchronizedRootGroup;
			path = NotifyAIUITests;
			sourceTree = "<group>";
		};
/* End PBXFileSystemSynchronizedRootGroup section */

/* Begin PBXFrameworksBuildPhase section */
		275D60562E6F188200EB7BA5 /* Frameworks */ = {
			isa = PBXFrameworksBuildPhase;
			buildActionMask = 2147483647;
			files = (
			);
			runOnlyForDeploymentPostprocessing = 0;
		};
		275D60682E6F188300EB7BA5 /* Frameworks */ = {
			isa = PBXFrameworksBuildPhase;
			buildActionMask = 2147483647;
			files = (
			);
			runOnlyForDeploymentPostprocessing = 0;
		};
		275D60722E6F188300EB7BA5 /* Frameworks */ = {
			isa = PBXFrameworksBuildPhase;
			buildActionMask = 2147483647;
			files = (
			);
			runOnlyForDeploymentPostprocessing = 0;
		};
/* End PBXFrameworksBuildPhase section */

/* Begin PBXGroup section */
		275D60502E6F188200EB7BA5 = {
			isa = PBXGroup;
			children = (
				277C5B2D2EAB7BED00370E3A /* AIModels */,
				272AB6942E8B195F0083CE7B /* .gitignore */,
				27022B122E827C000077F224 /* ViewModels */,
				275D605B2E6F188200EB7BA5 /* NotifyAI */,
				275D606E2E6F188300EB7BA5 /* NotifyAITests */,
				275D60782E6F188300EB7BA5 /* NotifyAIUITests */,
				275D605A2E6F188200EB7BA5 /* Products */,
				27022B0F2E827BE40077F224 /* Models */,
				27022B112E827BFB0077F224 /* Services */,
				27022B142E827C0F0077F224 /* Views */,
			);
			sourceTree = "<group>";
		};
		275D605A2E6F188200EB7BA5 /* Products */ = {
			isa = PBXGroup;
			children = (
				275D60592E6F188200EB7BA5 /* NotifyAI.app */,
				275D606B2E6F188300EB7BA5 /* NotifyAITests.xctest */,
				275D60752E6F188300EB7BA5 /* NotifyAIUITests.xctest */,
			);
			name = Products;
			sourceTree = "<group>";
		};
		277C5B2D2EAB7BED00370E3A /* AIModels */ = {
			isa = PBXGroup;
			children = (
			);
			path = AIModels;
			sourceTree = "<group>";
		};
/* End PBXGroup section */

/* Begin PBXNativeTarget section */
		275D60582E6F188200EB7BA5 /* NotifyAI */ = {
			isa = PBXNativeTarget;
			buildConfigurationList = 275D607F2E6F188300EB7BA5 /* Build configuration list for PBXNativeTarget "NotifyAI" */;
			buildPhases = (
				275D60552E6F188200EB7BA5 /* Sources */,
				275D60562E6F188200EB7BA5 /* Frameworks */,
				275D60572E6F188200EB7BA5 /* Resources */,
			);
			buildRules = (
			);
			dependencies = (
			);
			fileSystemSynchronizedGroups = (
				27022B0F2E827BE40077F224 /* Models */,
				27022B112E827BFB0077F224 /* Services */,
				27022B122E827C000077F224 /* ViewModels */,
				27022B142E827C0F0077F224 /* Views */,
				275D605B2E6F188200EB7BA5 /* NotifyAI */,
			);
			name = NotifyAI;
			packageProductDependencies = (
			);
			productName = NotifyAI;
			productReference = 275D60592E6F188200EB7BA5 /* NotifyAI.app */;
			productType = "com.apple.product-type.application";
		};
		275D606A2E6F188300EB7BA5 /* NotifyAITests */ = {
			isa = PBXNativeTarget;
			buildConfigurationList = 275D60822E6F188300EB7BA5 /* Build configuration list for PBXNativeTarget "NotifyAITests" */;
			buildPhases = (
				275D60672E6F188300EB7BA5 /* Sources */,
				275D60682E6F188300EB7BA5 /* Frameworks */,
				275D60692E6F188300EB7BA5 /* Resources */,
			);
			buildRules = (
			);
			dependencies = (
				275D606D2E6F188300EB7BA5 /* PBXTargetDependency */,
			);
			fileSystemSynchronizedGroups = (
				275D606E2E6F188300EB7BA5 /* NotifyAITests */,
			);
			name = NotifyAITests;
			packageProductDependencies = (
			);
			productName = NotifyAITests;
			productReference = 275D606B2E6F188300EB7BA5 /* NotifyAITests.xctest */;
			productType = "com.apple.product-type.bundle.unit-test";
		};
		275D60742E6F188300EB7BA5 /* NotifyAIUITests */ = {
			isa = PBXNativeTarget;
			buildConfigurationList = 275D60852E6F188300EB7BA5 /* Build configuration list for PBXNativeTarget "NotifyAIUITests" */;
			buildPhases = (
				275D60712E6F188300EB7BA5 /* Sources */,
				275D60722E6F188300EB7BA5 /* Frameworks */,
				275D60732E6F188300EB7BA5 /* Resources */,
			);
			buildRules = (
			);
			dependencies = (
				275D60772E6F188300EB7BA5 /* PBXTargetDependency */,
			);
			fileSystemSynchronizedGroups = (
				275D60782E6F188300EB7BA5 /* NotifyAIUITests */,
			);
			name = NotifyAIUITests;
			packageProductDependencies = (
			);
			productName = NotifyAIUITests;
			productReference = 275D60752E6F188300EB7BA5 /* NotifyAIUITests.xctest */;
			productType = "com.apple.product-type.bundle.ui-testing";
		};
/* End PBXNativeTarget section */

/* Begin PBXProject section */
		275D60512E6F188200EB7BA5 /* Project object */ = {
			isa = PBXProject;
			attributes = {
				BuildIndependentTargetsInParallel = 1;
				LastSwiftUpdateCheck = 1640;
				LastUpgradeCheck = 2600;
				TargetAttributes = {
					275D60582E6F188200EB7BA5 = {
						CreatedOnToolsVersion = 16.4;
					};
					275D606A2E6F188300EB7BA5 = {
						CreatedOnToolsVersion = 16.4;
						TestTargetID = 275D60582E6F188200EB7BA5;
					};
					275D60742E6F188300EB7BA5 = {
						CreatedOnToolsVersion = 16.4;
						TestTargetID = 275D60582E6F188200EB7BA5;
					};
				};
			};
			buildConfigurationList = 275D60542E6F188200EB7BA5 /* Build configuration list for PBXProject "NotifyAI" */;
			developmentRegion = en;
			hasScannedForEncodings = 0;
			knownRegions = (
				en,
				Base,
			);
			mainGroup = 275D60502E6F188200EB7BA5;
			minimizedProjectReferenceProxies = 1;
			preferredProjectObjectVersion = 77;
			productRefGroup = 275D605A2E6F188200EB7BA5 /* Products */;
			projectDirPath = "";
			projectRoot = "";
			targets = (
				275D60582E6F188200EB7BA5 /* NotifyAI */,
				275D606A2E6F188300EB7BA5 /* NotifyAITests */,
				275D60742E6F188300EB7BA5 /* NotifyAIUITests */,
			);
		};
/* End PBXProject section */

/* Begin PBXResourcesBuildPhase section */
		275D60572E6F188200EB7BA5 /* Resources */ = {
			isa = PBXResourcesBuildPhase;
			buildActionMask = 2147483647;
			files = (
			);
			runOnlyForDeploymentPostprocessing = 0;
		};
		275D60692E6F188300EB7BA5 /* Resources */ = {
			isa = PBXResourcesBuildPhase;
			buildActionMask = 2147483647;
			files = (
			);
			runOnlyForDeploymentPostprocessing = 0;
		};
		275D60732E6F188300EB7BA5 /* Resources */ = {
			isa = PBXResourcesBuildPhase;
			buildActionMask = 2147483647;
			files = (
			);
			runOnlyForDeploymentPostprocessing = 0;
		};
/* End PBXResourcesBuildPhase section */

/* Begin PBXSourcesBuildPhase section */
		275D60552E6F188200EB7BA5 /* Sources */ = {
			isa = PBXSourcesBuildPhase;
			buildActionMask = 2147483647;
			files = (
			);
			runOnlyForDeploymentPostprocessing = 0;
		};
		275D60672E6F188300EB7BA5 /* Sources */ = {
			isa = PBXSourcesBuildPhase;
			buildActionMask = 2147483647;
			files = (
			);
			runOnlyForDeploymentPostprocessing = 0;
		};
		275D60712E6F188300EB7BA5 /* Sources */ = {
			isa = PBXSourcesBuildPhase;
			buildActionMask = 2147483647;
			files = (
			);
			runOnlyForDeploymentPostprocessing = 0;
		};
/* End PBXSourcesBuildPhase section */

/* Begin PBXTargetDependency section */
		275D606D2E6F188300EB7BA5 /* PBXTargetDependency */ = {
			isa = PBXTargetDependency;
			target = 275D60582E6F188200EB7BA5 /* NotifyAI */;
			targetProxy = 275D606C2E6F188300EB7BA5 /* PBXContainerItemProxy */;
		};
		275D60772E6F188300EB7BA5 /* PBXTargetDependency */ = {
			isa = PBXTargetDependency;
			target = 275D60582E6F188200EB7BA5 /* NotifyAI */;
			targetProxy = 275D60762E6F188300EB7BA5 /* PBXContainerItemProxy */;
		};
/* End PBXTargetDependency section */

/* Begin XCBuildConfiguration section */
		275D607D2E6F188300EB7BA5 /* Debug */ = {
			isa = XCBuildConfiguration;
			buildSettings = {
				ALWAYS_SEARCH_USER_PATHS = NO;
				ASSETCATALOG_COMPILER_GENERATE_SWIFT_ASSET_SYMBOL_EXTENSIONS = YES;
				CLANG_ANALYZER_NONNULL = YES;
				CLANG_ANALYZER_NUMBER_OBJECT_CONVERSION = YES_AGGRESSIVE;
				CLANG_CXX_LANGUAGE_STANDARD = "gnu++20";
				CLANG_ENABLE_MODULES = YES;
				CLANG_ENABLE_OBJC_ARC = YES;
				CLANG_ENABLE_OBJC_WEAK = YES;
				CLANG_WARN_BLOCK_CAPTURE_AUTORELEASING = YES;
				CLANG_WARN_BOOL_CONVERSION = YES;
				CLANG_WARN_COMMA = YES;
				CLANG_WARN_CONSTANT_CONVERSION = YES;
				CLANG_WARN_DEPRECATED_OBJC_IMPLEMENTATIONS = YES;
				CLANG_WARN_DIRECT_OBJC_ISA_USAGE = YES_ERROR;
				CLANG_WARN_DOCUMENTATION_COMMENTS = YES;
				CLANG_WARN_EMPTY_BODY = YES;
				CLANG_WARN_ENUM_CONVERSION = YES;
				CLANG_WARN_INFINITE_RECURSION = YES;
				CLANG_WARN_INT_CONVERSION = YES;
				CLANG_WARN_NON_LITERAL_NULL_CONVERSION = YES;
				CLANG_WARN_OBJC_IMPLICIT_RETAIN_SELF = YES;
				CLANG_WARN_OBJC_LITERAL_CONVERSION = YES;
				CLANG_WARN_OBJC_ROOT_CLASS = YES_ERROR;
				CLANG_WARN_QUOTED_INCLUDE_IN_FRAMEWORK_HEADER = YES;
				CLANG_WARN_RANGE_LOOP_ANALYSIS = YES;
				CLANG_WARN_STRICT_PROTOTYPES = YES;
				CLANG_WARN_SUSPICIOUS_MOVE = YES;
				CLANG_WARN_UNGUARDED_AVAILABILITY = YES_AGGRESSIVE;
				CLANG_WARN_UNREACHABLE_CODE = YES;
				CLANG_WARN__DUPLICATE_METHOD_MATCH = YES;
				COPY_PHASE_STRIP = NO;
				DEBUG_INFORMATION_FORMAT = dwarf;
				ENABLE_STRICT_OBJC_MSGSEND = YES;
				ENABLE_TESTABILITY = YES;
				ENABLE_USER_SCRIPT_SANDBOXING = YES;
				GCC_C_LANGUAGE_STANDARD = gnu17;
				GCC_DYNAMIC_NO_PIC = NO;
				GCC_NO_COMMON_BLOCKS = YES;
				GCC_OPTIMIZATION_LEVEL = 0;
				GCC_PREPROCESSOR_DEFINITIONS = (
					"DEBUG=1",
					"$(inherited)",
				);
				GCC_WARN_64_TO_32_BIT_CONVERSION = YES;
				GCC_WARN_ABOUT_RETURN_TYPE = YES_ERROR;
				GCC_WARN_UNDECLARED_SELECTOR = YES;
				GCC_WARN_UNINITIALIZED_AUTOS = YES_AGGRESSIVE;
				GCC_WARN_UNUSED_FUNCTION = YES;
				GCC_WARN_UNUSED_VARIABLE = YES;
				IPHONEOS_DEPLOYMENT_TARGET = 18.5;
				LOCALIZATION_PREFERS_STRING_CATALOGS = YES;
				MTL_ENABLE_DEBUG_INFO = INCLUDE_SOURCE;
				MTL_FAST_MATH = YES;
				ONLY_ACTIVE_ARCH = YES;
				SDKROOT = iphoneos;
				STRING_CATALOG_GENERATE_SYMBOLS = YES;
				SWIFT_ACTIVE_COMPILATION_CONDITIONS = "DEBUG $(inherited)";
				SWIFT_OPTIMIZATION_LEVEL = "-Onone";
			};
			name = Debug;
		};
		275D607E2E6F188300EB7BA5 /* Release */ = {
			isa = XCBuildConfiguration;
			buildSettings = {
				ALWAYS_SEARCH_USER_PATHS = NO;
				ASSETCATALOG_COMPILER_GENERATE_SWIFT_ASSET_SYMBOL_EXTENSIONS = YES;
				CLANG_ANALYZER_NONNULL = YES;
				CLANG_ANALYZER_NUMBER_OBJECT_CONVERSION = YES_AGGRESSIVE;
				CLANG_CXX_LANGUAGE_STANDARD = "gnu++20";
				CLANG_ENABLE_MODULES = YES;
				CLANG_ENABLE_OBJC_ARC = YES;
				CLANG_ENABLE_OBJC_WEAK = YES;
				CLANG_WARN_BLOCK_CAPTURE_AUTORELEASING = YES;
				CLANG_WARN_BOOL_CONVERSION = YES;
				CLANG_WARN_COMMA = YES;
				CLANG_WARN_CONSTANT_CONVERSION = YES;
				CLANG_WARN_DEPRECATED_OBJC_IMPLEMENTATIONS = YES;
				CLANG_WARN_DIRECT_OBJC_ISA_USAGE = YES_ERROR;
				CLANG_WARN_DOCUMENTATION_COMMENTS = YES;
				CLANG_WARN_EMPTY_BODY = YES;
				CLANG_WARN_ENUM_CONVERSION = YES;
				CLANG_WARN_INFINITE_RECURSION = YES;
				CLANG_WARN_INT_CONVERSION = YES;
				CLANG_WARN_NON_LITERAL_NULL_CONVERSION = YES;
				CLANG_WARN_OBJC_IMPLICIT_RETAIN_SELF = YES;
				CLANG_WARN_OBJC_LITERAL_CONVERSION = YES;
				CLANG_WARN_OBJC_ROOT_CLASS = YES_ERROR;
				CLANG_WARN_QUOTED_INCLUDE_IN_FRAMEWORK_HEADER = YES;
				CLANG_WARN_RANGE_LOOP_ANALYSIS = YES;
				CLANG_WARN_STRICT_PROTOTYPES = YES;
				CLANG_WARN_SUSPICIOUS_MOVE = YES;
				CLANG_WARN_UNGUARDED_AVAILABILITY = YES_AGGRESSIVE;
				CLANG_WARN_UNREACHABLE_CODE = YES;
				CLANG_WARN__DUPLICATE_METHOD_MATCH = YES;
				COPY_PHASE_STRIP = NO;
				DEBUG_INFORMATION_FORMAT = "dwarf-with-dsym";
				ENABLE_NS_ASSERTIONS = NO;
				ENABLE_STRICT_OBJC_MSGSEND = YES;
				ENABLE_USER_SCRIPT_SANDBOXING = YES;
				GCC_C_LANGUAGE_STANDARD = gnu17;
				GCC_NO_COMMON_BLOCKS = YES;
				GCC_WARN_64_TO_32_BIT_CONVERSION = YES;
				GCC_WARN_ABOUT_RETURN_TYPE = YES_ERROR;
				GCC_WARN_UNDECLARED_SELECTOR = YES;
				GCC_WARN_UNINITIALIZED_AUTOS = YES_AGGRESSIVE;
				GCC_WARN_UNUSED_FUNCTION = YES;
				GCC_WARN_UNUSED_VARIABLE = YES;
				IPHONEOS_DEPLOYMENT_TARGET = 18.5;
				LOCALIZATION_PREFERS_STRING_CATALOGS = YES;
				MTL_ENABLE_DEBUG_INFO = NO;
				MTL_FAST_MATH = YES;
				SDKROOT = iphoneos;
				STRING_CATALOG_GENERATE_SYMBOLS = YES;
				SWIFT_COMPILATION_MODE = wholemodule;
				VALIDATE_PRODUCT = YES;
			};
			name = Release;
		};
		275D60802E6F188300EB7BA5 /* Debug */ = {
			isa = XCBuildConfiguration;
			buildSettings = {
				ASSETCATALOG_COMPILER_APPICON_NAME = AppIcon;
				ASSETCATALOG_COMPILER_GLOBAL_ACCENT_COLOR_NAME = AccentColor;
				CODE_SIGN_STYLE = Automatic;
				CURRENT_PROJECT_VERSION = 1;
				DEVELOPMENT_TEAM = 36B9A7K3RP;
				ENABLE_PREVIEWS = YES;
				GENERATE_INFOPLIST_FILE = YES;
				INFOPLIST_KEY_NSMicrophoneUsageDescription = "NotifyAI benötigt Zugriff auf dein Mikrofon, um Gespräche aufzunehmen und zu transkribieren.";
				INFOPLIST_KEY_NSSpeechRecognitionUsageDescription = "NotifyAI nutzt die Spracherkennung, um deine Aufnahmen in Text umzuwandeln.";
				INFOPLIST_KEY_UIApplicationSceneManifest_Generation = YES;
				INFOPLIST_KEY_UIApplicationSupportsIndirectInputEvents = YES;
				INFOPLIST_KEY_UILaunchScreen_Generation = YES;
				INFOPLIST_KEY_UISupportedInterfaceOrientations_iPad = "UIInterfaceOrientationPortrait UIInterfaceOrientationPortraitUpsideDown UIInterfaceOrientationLandscapeLeft UIInterfaceOrientationLandscapeRight";
				INFOPLIST_KEY_UISupportedInterfaceOrientations_iPhone = "UIInterfaceOrientationPortrait UIInterfaceOrientationLandscapeLeft UIInterfaceOrientationLandscapeRight";
				IPHONEOS_DEPLOYMENT_TARGET = 18.6;
				LD_RUNPATH_SEARCH_PATHS = (
					"$(inherited)",
					"@executable_path/Frameworks",
				);
				MARKETING_VERSION = 1.0;
				PRODUCT_BUNDLE_IDENTIFIER = com.justus.NotifyAI;
				PRODUCT_NAME = "$(TARGET_NAME)";
				SWIFT_EMIT_LOC_STRINGS = YES;
				SWIFT_VERSION = 5.0;
				TARGETED_DEVICE_FAMILY = "1,2";
			};
			name = Debug;
		};
		275D60812E6F188300EB7BA5 /* Release */ = {
			isa = XCBuildConfiguration;
			buildSettings = {
				ASSETCATALOG_COMPILER_APPICON_NAME = AppIcon;
				ASSETCATALOG_COMPILER_GLOBAL_ACCENT_COLOR_NAME = AccentColor;
				CODE_SIGN_STYLE = Automatic;
				CURRENT_PROJECT_VERSION = 1;
				DEVELOPMENT_TEAM = 36B9A7K3RP;
				ENABLE_PREVIEWS = YES;
				GENERATE_INFOPLIST_FILE = YES;
				INFOPLIST_KEY_NSMicrophoneUsageDescription = "NotifyAI benötigt Zugriff auf dein Mikrofon, um Gespräche aufzunehmen und zu transkribieren.";
				INFOPLIST_KEY_NSSpeechRecognitionUsageDescription = "NotifyAI nutzt die Spracherkennung, um deine Aufnahmen in Text umzuwandeln.";
				INFOPLIST_KEY_UIApplicationSceneManifest_Generation = YES;
				INFOPLIST_KEY_UIApplicationSupportsIndirectInputEvents = YES;
				INFOPLIST_KEY_UILaunchScreen_Generation = YES;
				INFOPLIST_KEY_UISupportedInterfaceOrientations_iPad = "UIInterfaceOrientationPortrait UIInterfaceOrientationPortraitUpsideDown UIInterfaceOrientationLandscapeLeft UIInterfaceOrientationLandscapeRight";
				INFOPLIST_KEY_UISupportedInterfaceOrientations_iPhone = "UIInterfaceOrientationPortrait UIInterfaceOrientationLandscapeLeft UIInterfaceOrientationLandscapeRight";
				IPHONEOS_DEPLOYMENT_TARGET = 18.6;
				LD_RUNPATH_SEARCH_PATHS = (
					"$(inherited)",
					"@executable_path/Frameworks",
				);
				MARKETING_VERSION = 1.0;
				PRODUCT_BUNDLE_IDENTIFIER = com.justus.NotifyAI;
				PRODUCT_NAME = "$(TARGET_NAME)";
				SWIFT_EMIT_LOC_STRINGS = YES;
				SWIFT_VERSION = 5.0;
				TARGETED_DEVICE_FAMILY = "1,2";
			};
			name = Release;
		};
		275D60832E6F188300EB7BA5 /* Debug */ = {
			isa = XCBuildConfiguration;
			buildSettings = {
				BUNDLE_LOADER = "$(TEST_HOST)";
				CODE_SIGN_STYLE = Automatic;
				CURRENT_PROJECT_VERSION = 1;
				GENERATE_INFOPLIST_FILE = YES;
				IPHONEOS_DEPLOYMENT_TARGET = 18.5;
				MARKETING_VERSION = 1.0;
				PRODUCT_BUNDLE_IDENTIFIER = com.justus.NotifyAITests;
				PRODUCT_NAME = "$(TARGET_NAME)";
				SWIFT_EMIT_LOC_STRINGS = NO;
				SWIFT_VERSION = 5.0;
				TARGETED_DEVICE_FAMILY = "1,2";
				TEST_HOST = "$(BUILT_PRODUCTS_DIR)/NotifyAI.app/$(BUNDLE_EXECUTABLE_FOLDER_PATH)/NotifyAI";
			};
			name = Debug;
		};
		275D60842E6F188300EB7BA5 /* Release */ = {
			isa = XCBuildConfiguration;
			buildSettings = {
				BUNDLE_LOADER = "$(TEST_HOST)";
				CODE_SIGN_STYLE = Automatic;
				CURRENT_PROJECT_VERSION = 1;
				GENERATE_INFOPLIST_FILE = YES;
				IPHONEOS_DEPLOYMENT_TARGET = 18.5;
				MARKETING_VERSION = 1.0;
				PRODUCT_BUNDLE_IDENTIFIER = com.justus.NotifyAITests;
				PRODUCT_NAME = "$(TARGET_NAME)";
				SWIFT_EMIT_LOC_STRINGS = NO;
				SWIFT_VERSION = 5.0;
				TARGETED_DEVICE_FAMILY = "1,2";
				TEST_HOST = "$(BUILT_PRODUCTS_DIR)/NotifyAI.app/$(BUNDLE_EXECUTABLE_FOLDER_PATH)/NotifyAI";
			};
			name = Release;
		};
		275D60862E6F188300EB7BA5 /* Debug */ = {
			isa = XCBuildConfiguration;
			buildSettings = {
				CODE_SIGN_STYLE = Automatic;
				CURRENT_PROJECT_VERSION = 1;
				GENERATE_INFOPLIST_FILE = YES;
				MARKETING_VERSION = 1.0;
				PRODUCT_BUNDLE_IDENTIFIER = com.justus.NotifyAIUITests;
				PRODUCT_NAME = "$(TARGET_NAME)";
				SWIFT_EMIT_LOC_STRINGS = NO;
				SWIFT_VERSION = 5.0;
				TARGETED_DEVICE_FAMILY = "1,2";
				TEST_TARGET_NAME = NotifyAI;
			};
			name = Debug;
		};
		275D60872E6F188300EB7BA5 /* Release */ = {
			isa = XCBuildConfiguration;
			buildSettings = {
				CODE_SIGN_STYLE = Automatic;
				CURRENT_PROJECT_VERSION = 1;
				GENERATE_INFOPLIST_FILE = YES;
				MARKETING_VERSION = 1.0;
				PRODUCT_BUNDLE_IDENTIFIER = com.justus.NotifyAIUITests;
				PRODUCT_NAME = "$(TARGET_NAME)";
				SWIFT_EMIT_LOC_STRINGS = NO;
				SWIFT_VERSION = 5.0;
				TARGETED_DEVICE_FAMILY = "1,2";
				TEST_TARGET_NAME = NotifyAI;
			};
			name = Release;
		};
/* End XCBuildConfiguration section */

/* Begin XCConfigurationList section */
		275D60542E6F188200EB7BA5 /* Build configuration list for PBXProject "NotifyAI" */ = {
			isa = XCConfigurationList;
			buildConfigurations = (
				275D607D2E6F188300EB7BA5 /* Debug */,
				275D607E2E6F188300EB7BA5 /* Release */,
			);
			defaultConfigurationIsVisible = 0;
			defaultConfigurationName = Release;
		};
		275D607F2E6F188300EB7BA5 /* Build configuration list for PBXNativeTarget "NotifyAI" */ = {
			isa = XCConfigurationList;
			buildConfigurations = (
				275D60802E6F188300EB7BA5 /* Debug */,
				275D60812E6F188300EB7BA5 /* Release */,
			);
			defaultConfigurationIsVisible = 0;
			defaultConfigurationName = Release;
		};
		275D60822E6F188300EB7BA5 /* Build configuration list for PBXNativeTarget "NotifyAITests" */ = {
			isa = XCConfigurationList;
			buildConfigurations = (
				275D60832E6F188300EB7BA5 /* Debug */,
				275D60842E6F188300EB7BA5 /* Release */,
			);
			defaultConfigurationIsVisible = 0;
			defaultConfigurationName = Release;
		};
		275D60852E6F188300EB7BA5 /* Build configuration list for PBXNativeTarget "NotifyAIUITests" */ = {
			isa = XCConfigurationList;
			buildConfigurations = (
				275D60862E6F188300EB7BA5 /* Debug */,
				275D60872E6F188300EB7BA5 /* Release */,
			);
			defaultConfigurationIsVisible = 0;
			defaultConfigurationName = Release;
		};
/* End XCConfigurationList section */
	};
	rootObject = 275D60512E6F188200EB7BA5 /* Project object */;
}
